
Microsoft Visual Studio Solution File, Format Version 12.00
# Visual Studio Version 18
VisualStudioVersion = 18.7.11919.86
MinimumVisualStudioVersion = 10.0.40219.1
Project("{FAE04EC0-301F-11D3-BF4B-00C04F79EFBC}") = "AssetIdExporter", "Navisworks\AssetIdExporter\AssetIdExporter.csproj", "{83331A83-FBEE-4BA1-B6D7-DD7E0D2828BB}"
EndProject
Project("{FAE04EC0-301F-11D3-BF4B-00C04F79EFBC}") = "RebarGenerator", "Tekla\RebarGenerator\RebarGenerator.csproj", "{9C16142C-765A-4970-BF3B-1099A86925C4}"
EndProject
Global
	GlobalSection(SolutionConfigurationPlatforms) = preSolution
		Debug|Any CPU = Debug|Any CPU
		Debug|x64 = Debug|x64
		Release|Any CPU = Release|Any CPU
		Release|x64 = Release|x64
	EndGlobalSection
	GlobalSection(ProjectConfigurationPlatforms) = postSolution
		{83331A83-FBEE-4BA1-B6D7-DD7E0D2828BB}.Debug|Any CPU.ActiveCfg = Debug|Any CPU
		{83331A83-FBEE-4BA1-B6D7-DD7E0D2828BB}.Debug|Any CPU.Build.0 = Debug|Any CPU
		{83331A83-FBEE-4BA1-B6D7-DD7E0D2828BB}.Debug|x64.ActiveCfg = Debug|Any CPU
		{83331A83-FBEE-4BA1-B6D7-DD7E0D2828BB}.Debug|x64.Build.0 = Debug|Any CPU
		{83331A83-FBEE-4BA1-B6D7-DD7E0D2828BB}.Release|Any CPU.ActiveCfg = Release|Any CPU
		{83331A83-FBEE-4BA1-B6D7-DD7E0D2828BB}.Release|Any CPU.Build.0 = Release|Any CPU
		{83331A83-FBEE-4BA1-B6D7-DD7E0D2828BB}.Release|x64.ActiveCfg = Release|Any CPU
		{83331A83-FBEE-4BA1-B6D7-DD7E0D2828BB}.Release|x64.Build.0 = Release|Any CPU
		{9C16142C-765A-4970-BF3B-1099A86925C4}.Debug|Any CPU.ActiveCfg = Debug|Any CPU
		{9C16142C-765A-4970-BF3B-1099A86925C4}.Debug|Any CPU.Build.0 = Debug|Any CPU
		{9C16142C-765A-4970-BF3B-1099A86925C4}.Debug|x64.ActiveCfg = Debug|x64
		{9C16142C-765A-4970-BF3B-1099A86925C4}.Debug|x64.Build.0 = Debug|x64
		{9C16142C-765A-4970-BF3B-1099A86925C4}.Release|Any CPU.ActiveCfg = Release|Any CPU
		{9C16142C-765A-4970-BF3B-1099A86925C4}.Release|Any CPU.Build.0 = Release|Any CPU
		{9C16142C-765A-4970-BF3B-1099A86925C4}.Release|x64.ActiveCfg = Release|x64
		{9C16142C-765A-4970-BF3B-1099A86925C4}.Release|x64.Build.0 = Release|x64
	EndGlobalSection
	GlobalSection(SolutionProperties) = preSolution
		HideSolutionNode = FALSE
	EndGlobalSection
	GlobalSection(ExtensibilityGlobals) = postSolution
		SolutionGuid = {28C1EFD1-8CD7-43DA-B3A1-7C9095D75717}
	EndGlobalSection
EndGlobal
